
Microsoft Visual Studio Solution File, Format Version 12.00
# Visual Studio Version 17
VisualStudioVersion = 17.10.35027.167
MinimumVisualStudioVersion = 10.0.40219.1
Project("{FAE04EC0-301F-11D3-BF4B-00C04F79EFBC}") = "Core", "Core\Core.csproj", "{4191E4C9-8343-4C3D-8C79-47117D1D076D}"
EndProject
Project("{FAE04EC0-301F-11D3-BF4B-00C04F79EFBC}") = "HospitalAppointment.DataAccess", "HospitalAppointment.DataAccess\HospitalAppointment.DataAccess.csproj", "{3725BD74-C077-4C4E-8052-86B968E9A4D6}"
EndProject
Project("{FAE04EC0-301F-11D3-BF4B-00C04F79EFBC}") = "HospitalAppointment.Models", "HospitalAppointment.Models\HospitalAppointment.Models.csproj", "{B3AFACF9-43F7-4CD7-B1D0-30383E24D7CA}"
EndProject
Project("{FAE04EC0-301F-11D3-BF4B-00C04F79EFBC}") = "HospitalAppointment.Service", "HospitalAppointment.Service\HospitalAppointment.Service.csproj", "{FA3898D1-DA8F-4B06-BFA9-FD62578C6A31}"
EndProject
Project("{FAE04EC0-301F-11D3-BF4B-00C04F79EFBC}") = "HospitalAppointment.API", "HospitalAppointment.API\HospitalAppointment.API.csproj", "{D0944DEC-5A47-4224-9B9C-6537A129A465}"
EndProject
Global
	GlobalSection(SolutionConfigurationPlatforms) = preSolution
		Debug|Any CPU = Debug|Any CPU
		Release|Any CPU = Release|Any CPU
	EndGlobalSection
	GlobalSection(ProjectConfigurationPlatforms) = postSolution
		{4191E4C9-8343-4C3D-8C79-47117D1D076D}.Debug|Any CPU.ActiveCfg = Debug|Any CPU
		{4191E4C9-8343-4C3D-8C79-47117D1D076D}.Debug|Any CPU.Build.0 = Debug|Any CPU
		{4191E4C9-8343-4C3D-8C79-47117D1D076D}.Release|Any CPU.ActiveCfg = Release|Any CPU
		{4191E4C9-8343-4C3D-8C79-47117D1D076D}.Release|Any CPU.Build.0 = Release|Any CPU
		{3725BD74-C077-4C4E-8052-86B968E9A4D6}.Debug|Any CPU.ActiveCfg = Debug|Any CPU
		{3725BD74-C077-4C4E-8052-86B968E9A4D6}.Debug|Any CPU.Build.0 = Debug|Any CPU
		{3725BD74-C077-4C4E-8052-86B968E9A4D6}.Release|Any CPU.ActiveCfg = Release|Any CPU
		{3725BD74-C077-4C4E-8052-86B968E9A4D6}.Release|Any CPU.Build.0 = Release|Any CPU
		{B3AFACF9-43F7-4CD7-B1D0-30383E24D7CA}.Debug|Any CPU.ActiveCfg = Debug|Any CPU
		{B3AFACF9-43F7-4CD7-B1D0-30383E24D7CA}.Debug|Any CPU.Build.0 = Debug|Any CPU
		{B3AFACF9-43F7-4CD7-B1D0-30383E24D7CA}.Release|Any CPU.ActiveCfg = Release|Any CPU
		{B3AFACF9-43F7-4CD7-B1D0-30383E24D7CA}.Release|Any CPU.Build.0 = Release|Any CPU
		{FA3898D1-DA8F-4B06-BFA9-FD62578C6A31}.Debug|Any CPU.ActiveCfg = Debug|Any CPU
		{FA3898D1-DA8F-4B06-BFA9-FD62578C6A31}.Debug|Any CPU.Build.0 = Debug|Any CPU
		{FA3898D1-DA8F-4B06-BFA9-FD62578C6A31}.Release|Any CPU.ActiveCfg = Release|Any CPU
		{FA3898D1-DA8F-4B06-BFA9-FD62578C6A31}.Release|Any CPU.Build.0 = Release|Any CPU
		{D0944DEC-5A47-4224-9B9C-6537A129A465}.Debug|Any CPU.ActiveCfg = Debug|Any CPU
		{D0944DEC-5A47-4224-9B9C-6537A129A465}.Debug|Any CPU.Build.0 = Debug|Any CPU
		{D0944DEC-5A47-4224-9B9C-6537A129A465}.Release|Any CPU.ActiveCfg = Release|Any CPU
		{D0944DEC-5A47-4224-9B9C-6537A129A465}.Release|Any CPU.Build.0 = Release|Any CPU
	EndGlobalSection
	GlobalSection(SolutionProperties) = preSolution
		HideSolutionNode = FALSE
	EndGlobalSection
	GlobalSection(ExtensibilityGlobals) = postSolution
		SolutionGuid = {1E07B434-816B-49F0-BD38-54B003019D8A}
	EndGlobalSection
EndGlobal
